
Microsoft Visual Studio Solution File, Format Version 12.00
# Visual Studio 15
VisualStudioVersion = 15.0.28307.329
MinimumVisualStudioVersion = 10.0.40219.1
Project("{FAE04EC0-301F-11D3-BF4B-00C04F79EFBC}") = "ThreadingTest", "ThreadingTest\ThreadingTest.csproj", "{F4FED91F-77C3-408A-AA1B-64490710F47F}"
EndProject
Global
	GlobalSection(SolutionConfigurationPlatforms) = preSolution
		Debug|Any CPU = Debug|Any CPU
		Release|Any CPU = Release|Any CPU
	EndGlobalSection
	GlobalSection(ProjectConfigurationPlatforms) = postSolution
		{F4FED91F-77C3-408A-AA1B-64490710F47F}.Debug|Any CPU.ActiveCfg = Debug|Any CPU
		{F4FED91F-77C3-408A-AA1B-64490710F47F}.Debug|Any CPU.Build.0 = Debug|Any CPU
		{F4FED91F-77C3-408A-AA1B-64490710F47F}.Release|Any CPU.ActiveCfg = Release|Any CPU
		{F4FED91F-77C3-408A-AA1B-64490710F47F}.Release|Any CPU.Build.0 = Release|Any CPU
	EndGlobalSection
	GlobalSection(SolutionProperties) = preSolution
		HideSolutionNode = FALSE
	EndGlobalSection
	GlobalSection(ExtensibilityGlobals) = postSolution
		SolutionGuid = {70D36883-7507-4B52-8C9F-B58E2B994EA1}
	EndGlobalSection
EndGlobal
